// !$*UTF8*$!
{
	archiveVersion = 1;
	classes = {
	};
	objectVersion = 46;
	objects = {

/* Begin PBXBuildFile section */
		01FCD126C9BAF0DAF8DE539E /* libPods.a in Frameworks */ = {isa = PBXBuildFile; fileRef = 1FC389C679C8FC4750B8C394 /* libPods.a */; };
		DA0903AD1C128CD50091AAB6 /* MMBTextView.m in Sources */ = {isa = PBXBuildFile; fileRef = DA0903AC1C128CD50091AAB6 /* MMBTextView.m */; };
		DA0903B01C12D6030091AAB6 /* MMBComposeToolbar.m in Sources */ = {isa = PBXBuildFile; fileRef = DA0903AF1C12D6030091AAB6 /* MMBComposeToolbar.m */; };
		DA0903B31C12FE360091AAB6 /* MMBComposePhotosView.m in Sources */ = {isa = PBXBuildFile; fileRef = DA0903B21C12FE360091AAB6 /* MMBComposePhotosView.m */; };
		DA3DAE031C0AD63600D31A18 /* MMBSearchBar.m in Sources */ = {isa = PBXBuildFile; fileRef = DA3DAE021C0AD63600D31A18 /* MMBSearchBar.m */; };
		DA3DAE061C0ADF4900D31A18 /* MMBDropdownMenu.m in Sources */ = {isa = PBXBuildFile; fileRef = DA3DAE051C0ADF4900D31A18 /* MMBDropdownMenu.m */; };
		DA3DAE091C0AED9A00D31A18 /* MMBTitleMenuViewController.m in Sources */ = {isa = PBXBuildFile; fileRef = DA3DAE081C0AED9A00D31A18 /* MMBTitleMenuViewController.m */; };
		DA3DAE0C1C0AFF1400D31A18 /* MMBTabBar.m in Sources */ = {isa = PBXBuildFile; fileRef = DA3DAE0B1C0AFF1400D31A18 /* MMBTabBar.m */; };
		DA3DAE361C0C1FDB00D31A18 /* MMBNewFeatureViewController.m in Sources */ = {isa = PBXBuildFile; fileRef = DA3DAE351C0C1FDB00D31A18 /* MMBNewFeatureViewController.m */; };
		DA3DAE3B1C0C32CC00D31A18 /* MMBOAuthViewController.m in Sources */ = {isa = PBXBuildFile; fileRef = DA3DAE3A1C0C32CC00D31A18 /* MMBOAuthViewController.m */; };
		DA600B431C0C956A002D05A1 /* MMBNetworkTool.m in Sources */ = {isa = PBXBuildFile; fileRef = DA600B421C0C956A002D05A1 /* MMBNetworkTool.m */; };
		DA600B481C0C9975002D05A1 /* MMBAccount.m in Sources */ = {isa = PBXBuildFile; fileRef = DA600B471C0C9975002D05A1 /* MMBAccount.m */; };
		DA600B4C1C0C9CAE002D05A1 /* MMBAccountTool.m in Sources */ = {isa = PBXBuildFile; fileRef = DA600B4B1C0C9CAE002D05A1 /* MMBAccountTool.m */; };
		DA600B4F1C0CAB39002D05A1 /* UIWindow+Extension.m in Sources */ = {isa = PBXBuildFile; fileRef = DA600B4E1C0CAB39002D05A1 /* UIWindow+Extension.m */; };
		DA8EB9F31C0EB83E000BEE79 /* MMBPhoto.m in Sources */ = {isa = PBXBuildFile; fileRef = DA8EB9F21C0EB83E000BEE79 /* MMBPhoto.m */; };
		DA8EB9F61C0EF53A000BEE79 /* NSDate+Extension.m in Sources */ = {isa = PBXBuildFile; fileRef = DA8EB9F51C0EF53A000BEE79 /* NSDate+Extension.m */; };
		DA9046B21C0D86990066A05D /* MMBTitleButton.m in Sources */ = {isa = PBXBuildFile; fileRef = DA9046B11C0D86990066A05D /* MMBTitleButton.m */; };
		DA9046B51C0DB8EC0066A05D /* MMBUser.m in Sources */ = {isa = PBXBuildFile; fileRef = DA9046B41C0DB8EC0066A05D /* MMBUser.m */; };
		DA9046B81C0DB9990066A05D /* MMBStatus.m in Sources */ = {isa = PBXBuildFile; fileRef = DA9046B71C0DB9990066A05D /* MMBStatus.m */; };
		DA9046BB1C0DDF650066A05D /* MMBLoadMoreFooter.m in Sources */ = {isa = PBXBuildFile; fileRef = DA9046BA1C0DDF650066A05D /* MMBLoadMoreFooter.m */; };
		DA9046BD1C0DDF820066A05D /* MMBLoadMoreFooter.xib in Resources */ = {isa = PBXBuildFile; fileRef = DA9046BC1C0DDF820066A05D /* MMBLoadMoreFooter.xib */; };
		DA9046C01C0DF4740066A05D /* MMBStatusFrame.m in Sources */ = {isa = PBXBuildFile; fileRef = DA9046BF1C0DF4740066A05D /* MMBStatusFrame.m */; };
		DA9046C31C0DF4920066A05D /* MMBStatusCell.m in Sources */ = {isa = PBXBuildFile; fileRef = DA9046C21C0DF4920066A05D /* MMBStatusCell.m */; };
		DAAC890F1C094F5E0000729C /* main.m in Sources */ = {isa = PBXBuildFile; fileRef = DAAC890E1C094F5E0000729C /* main.m */; };
		DAAC891A1C094F5E0000729C /* Assets.xcassets in Resources */ = {isa = PBXBuildFile; fileRef = DAAC89191C094F5E0000729C /* Assets.xcassets */; };
		DAAC891D1C094F5E0000729C /* LaunchScreen.storyboard in Resources */ = {isa = PBXBuildFile; fileRef = DAAC891B1C094F5E0000729C /* LaunchScreen.storyboard */; };
		DAAC89281C094F5E0000729C /* My_MicroblogTests.m in Sources */ = {isa = PBXBuildFile; fileRef = DAAC89271C094F5E0000729C /* My_MicroblogTests.m */; };
		DAAC89331C094F5E0000729C /* My_MicroblogUITests.m in Sources */ = {isa = PBXBuildFile; fileRef = DAAC89321C094F5E0000729C /* My_MicroblogUITests.m */; };
		DAAC89871C09701C0000729C /* AppDelegate.m in Sources */ = {isa = PBXBuildFile; fileRef = DAAC89751C09701C0000729C /* AppDelegate.m */; };
		DAE09FBE1C0F21C8001B38AF /* MMBStatusToolbar.m in Sources */ = {isa = PBXBuildFile; fileRef = DAE09FBD1C0F21C8001B38AF /* MMBStatusToolbar.m */; };
		DAE09FC11C10174F001B38AF /* MMBStatusPhotoView.m in Sources */ = {isa = PBXBuildFile; fileRef = DAE09FC01C10174F001B38AF /* MMBStatusPhotoView.m */; };
		DAE09FC41C10251C001B38AF /* MMBStatusPhotosView.m in Sources */ = {isa = PBXBuildFile; fileRef = DAE09FC31C10251C001B38AF /* MMBStatusPhotosView.m */; };
		DAE09FC71C1179BE001B38AF /* MMBIconView.m in Sources */ = {isa = PBXBuildFile; fileRef = DAE09FC61C1179BE001B38AF /* MMBIconView.m */; };
		DAE09FCE1C11B50E001B38AF /* MMBComposeViewController.m in Sources */ = {isa = PBXBuildFile; fileRef = DAE09FCD1C11B50E001B38AF /* MMBComposeViewController.m */; };
		DAEAB4181C0A9649003295DB /* MMBNavigationController.m in Sources */ = {isa = PBXBuildFile; fileRef = DAEAB4171C0A9649003295DB /* MMBNavigationController.m */; };
		DAEAB4281C0A9EC6003295DB /* UIBarButtonItem+Extension.m in Sources */ = {isa = PBXBuildFile; fileRef = DAEAB4271C0A9EC6003295DB /* UIBarButtonItem+Extension.m */; };
		DAEAB42E1C0AA133003295DB /* UIView+Extension.m in Sources */ = {isa = PBXBuildFile; fileRef = DAEAB42D1C0AA133003295DB /* UIView+Extension.m */; };
		DAEAB4321C0AA589003295DB /* MMBTabBarController.m in Sources */ = {isa = PBXBuildFile; fileRef = DAEAB4311C0AA589003295DB /* MMBTabBarController.m */; };
		DAEAB4351C0AA5D6003295DB /* MMBDiscoverViewController.m in Sources */ = {isa = PBXBuildFile; fileRef = DAEAB4341C0AA5D6003295DB /* MMBDiscoverViewController.m */; };
		DAEAB4381C0AA5E0003295DB /* MMBHomeViewController.m in Sources */ = {isa = PBXBuildFile; fileRef = DAEAB4371C0AA5E0003295DB /* MMBHomeViewController.m */; };
		DAEAB43B1C0AA5F0003295DB /* MMBMessageCenterViewController.m in Sources */ = {isa = PBXBuildFile; fileRef = DAEAB43A1C0AA5F0003295DB /* MMBMessageCenterViewController.m */; };
		DAEAB43E1C0AA601003295DB /* MMBProfileViewController.m in Sources */ = {isa = PBXBuildFile; fileRef = DAEAB43D1C0AA601003295DB /* MMBProfileViewController.m */; };
/* End PBXBuildFile section */

/* Begin PBXContainerItemProxy section */
		DAAC89241C094F5E0000729C /* PBXContainerItemProxy */ = {
			isa = PBXContainerItemProxy;
			containerPortal = DAAC89021C094F5E0000729C /* Project object */;
			proxyType = 1;
			remoteGlobalIDString = DAAC89091C094F5E0000729C;
			remoteInfo = "My-Microblog";
		};
		DAAC892F1C094F5E0000729C /* PBXContainerItemProxy */ = {
			isa = PBXContainerItemProxy;
			containerPortal = DAAC89021C094F5E0000729C /* Project object */;
			proxyType = 1;
			remoteGlobalIDString = DAAC89091C094F5E0000729C;
			remoteInfo = "My-Microblog";
		};
/* End PBXContainerItemProxy section */

/* Begin PBXFileReference section */
		1FC389C679C8FC4750B8C394 /* libPods.a */ = {isa = PBXFileReference; explicitFileType = archive.ar; includeInIndex = 0; path = libPods.a; sourceTree = BUILT_PRODUCTS_DIR; };
		559A775C20C50223EEE9923A /* Pods.debug.xcconfig */ = {isa = PBXFileReference; includeInIndex = 1; lastKnownFileType = text.xcconfig; name = Pods.debug.xcconfig; path = "Pods/Target Support Files/Pods/Pods.debug.xcconfig"; sourceTree = "<group>"; };
		DA0903AB1C128CD50091AAB6 /* MMBTextView.h */ = {isa = PBXFileReference; fileEncoding = 4; lastKnownFileType = sourcecode.c.h; path = MMBTextView.h; sourceTree = "<group>"; };
		DA0903AC1C128CD50091AAB6 /* MMBTextView.m */ = {isa = PBXFileReference; fileEncoding = 4; lastKnownFileType = sourcecode.c.objc; path = MMBTextView.m; sourceTree = "<group>"; };
		DA0903AE1C12D6030091AAB6 /* MMBComposeToolbar.h */ = {isa = PBXFileReference; fileEncoding = 4; lastKnownFileType = sourcecode.c.h; path = MMBComposeToolbar.h; sourceTree = "<group>"; };
		DA0903AF1C12D6030091AAB6 /* MMBComposeToolbar.m */ = {isa = PBXFileReference; fileEncoding = 4; lastKnownFileType = sourcecode.c.objc; path = MMBComposeToolbar.m; sourceTree = "<group>"; };
		DA0903B11C12FE360091AAB6 /* MMBComposePhotosView.h */ = {isa = PBXFileReference; fileEncoding = 4; lastKnownFileType = sourcecode.c.h; path = MMBComposePhotosView.h; sourceTree = "<group>"; };
		DA0903B21C12FE360091AAB6 /* MMBComposePhotosView.m */ = {isa = PBXFileReference; fileEncoding = 4; lastKnownFileType = sourcecode.c.objc; path = MMBComposePhotosView.m; sourceTree = "<group>"; };
		DA3DAE011C0AD63600D31A18 /* MMBSearchBar.h */ = {isa = PBXFileReference; fileEncoding = 4; lastKnownFileType = sourcecode.c.h; path = MMBSearchBar.h; sourceTree = "<group>"; };
		DA3DAE021C0AD63600D31A18 /* MMBSearchBar.m */ = {isa = PBXFileReference; fileEncoding = 4; lastKnownFileType = sourcecode.c.objc; path = MMBSearchBar.m; sourceTree = "<group>"; };
		DA3DAE041C0ADF4900D31A18 /* MMBDropdownMenu.h */ = {isa = PBXFileReference; fileEncoding = 4; lastKnownFileType = sourcecode.c.h; path = MMBDropdownMenu.h; sourceTree = "<group>"; };
		DA3DAE051C0ADF4900D31A18 /* MMBDropdownMenu.m */ = {isa = PBXFileReference; fileEncoding = 4; lastKnownFileType = sourcecode.c.objc; path = MMBDropdownMenu.m; sourceTree = "<group>"; };
		DA3DAE071C0AED9A00D31A18 /* MMBTitleMenuViewController.h */ = {isa = PBXFileReference; fileEncoding = 4; lastKnownFileType = sourcecode.c.h; path = MMBTitleMenuViewController.h; sourceTree = "<group>"; };
		DA3DAE081C0AED9A00D31A18 /* MMBTitleMenuViewController.m */ = {isa = PBXFileReference; fileEncoding = 4; lastKnownFileType = sourcecode.c.objc; path = MMBTitleMenuViewController.m; sourceTree = "<group>"; };
		DA3DAE0A1C0AFF1400D31A18 /* MMBTabBar.h */ = {isa = PBXFileReference; fileEncoding = 4; lastKnownFileType = sourcecode.c.h; path = MMBTabBar.h; sourceTree = "<group>"; };
		DA3DAE0B1C0AFF1400D31A18 /* MMBTabBar.m */ = {isa = PBXFileReference; fileEncoding = 4; lastKnownFileType = sourcecode.c.objc; path = MMBTabBar.m; sourceTree = "<group>"; };
		DA3DAE341C0C1FDB00D31A18 /* MMBNewFeatureViewController.h */ = {isa = PBXFileReference; fileEncoding = 4; lastKnownFileType = sourcecode.c.h; path = MMBNewFeatureViewController.h; sourceTree = "<group>"; };
		DA3DAE351C0C1FDB00D31A18 /* MMBNewFeatureViewController.m */ = {isa = PBXFileReference; fileEncoding = 4; lastKnownFileType = sourcecode.c.objc; path = MMBNewFeatureViewController.m; sourceTree = "<group>"; };
		DA3DAE391C0C32CC00D31A18 /* MMBOAuthViewController.h */ = {isa = PBXFileReference; fileEncoding = 4; lastKnownFileType = sourcecode.c.h; path = MMBOAuthViewController.h; sourceTree = "<group>"; };
		DA3DAE3A1C0C32CC00D31A18 /* MMBOAuthViewController.m */ = {isa = PBXFileReference; fileEncoding = 4; lastKnownFileType = sourcecode.c.objc; path = MMBOAuthViewController.m; sourceTree = "<group>"; };
		DA600B411C0C956A002D05A1 /* MMBNetworkTool.h */ = {isa = PBXFileReference; fileEncoding = 4; lastKnownFileType = sourcecode.c.h; path = MMBNetworkTool.h; sourceTree = "<group>"; };
		DA600B421C0C956A002D05A1 /* MMBNetworkTool.m */ = {isa = PBXFileReference; fileEncoding = 4; lastKnownFileType = sourcecode.c.objc; path = MMBNetworkTool.m; sourceTree = "<group>"; };
		DA600B461C0C9975002D05A1 /* MMBAccount.h */ = {isa = PBXFileReference; fileEncoding = 4; lastKnownFileType = sourcecode.c.h; path = MMBAccount.h; sourceTree = "<group>"; };
		DA600B471C0C9975002D05A1 /* MMBAccount.m */ = {isa = PBXFileReference; fileEncoding = 4; lastKnownFileType = sourcecode.c.objc; path = MMBAccount.m; sourceTree = "<group>"; };
		DA600B4A1C0C9CAE002D05A1 /* MMBAccountTool.h */ = {isa = PBXFileReference; fileEncoding = 4; lastKnownFileType = sourcecode.c.h; path = MMBAccountTool.h; sourceTree = "<group>"; };
		DA600B4B1C0C9CAE002D05A1 /* MMBAccountTool.m */ = {isa = PBXFileReference; fileEncoding = 4; lastKnownFileType = sourcecode.c.objc; path = MMBAccountTool.m; sourceTree = "<group>"; };
		DA600B4D1C0CAB39002D05A1 /* UIWindow+Extension.h */ = {isa = PBXFileReference; fileEncoding = 4; lastKnownFileType = sourcecode.c.h; path = "UIWindow+Extension.h"; sourceTree = "<group>"; };
		DA600B4E1C0CAB39002D05A1 /* UIWindow+Extension.m */ = {isa = PBXFileReference; fileEncoding = 4; lastKnownFileType = sourcecode.c.objc; path = "UIWindow+Extension.m"; sourceTree = "<group>"; };
		DA8EB9F11C0EB83E000BEE79 /* MMBPhoto.h */ = {isa = PBXFileReference; fileEncoding = 4; lastKnownFileType = sourcecode.c.h; path = MMBPhoto.h; sourceTree = "<group>"; };
		DA8EB9F21C0EB83E000BEE79 /* MMBPhoto.m */ = {isa = PBXFileReference; fileEncoding = 4; lastKnownFileType = sourcecode.c.objc; path = MMBPhoto.m; sourceTree = "<group>"; };
		DA8EB9F41C0EF53A000BEE79 /* NSDate+Extension.h */ = {isa = PBXFileReference; fileEncoding = 4; lastKnownFileType = sourcecode.c.h; path = "NSDate+Extension.h"; sourceTree = "<group>"; };
		DA8EB9F51C0EF53A000BEE79 /* NSDate+Extension.m */ = {isa = PBXFileReference; fileEncoding = 4; lastKnownFileType = sourcecode.c.objc; path = "NSDate+Extension.m"; sourceTree = "<group>"; };
		DA9046B01C0D86990066A05D /* MMBTitleButton.h */ = {isa = PBXFileReference; fileEncoding = 4; lastKnownFileType = sourcecode.c.h; path = MMBTitleButton.h; sourceTree = "<group>"; };
		DA9046B11C0D86990066A05D /* MMBTitleButton.m */ = {isa = PBXFileReference; fileEncoding = 4; lastKnownFileType = sourcecode.c.objc; path = MMBTitleButton.m; sourceTree = "<group>"; };
		DA9046B31C0DB8EC0066A05D /* MMBUser.h */ = {isa = PBXFileReference; fileEncoding = 4; lastKnownFileType = sourcecode.c.h; path = MMBUser.h; sourceTree = "<group>"; };
		DA9046B41C0DB8EC0066A05D /* MMBUser.m */ = {isa = PBXFileReference; fileEncoding = 4; lastKnownFileType = sourcecode.c.objc; path = MMBUser.m; sourceTree = "<group>"; };
		DA9046B61C0DB9990066A05D /* MMBStatus.h */ = {isa = PBXFileReference; fileEncoding = 4; lastKnownFileType = sourcecode.c.h; path = MMBStatus.h; sourceTree = "<group>"; };
		DA9046B71C0DB9990066A05D /* MMBStatus.m */ = {isa = PBXFileReference; fileEncoding = 4; lastKnownFileType = sourcecode.c.objc; path = MMBStatus.m; sourceTree = "<group>"; };
		DA9046B91C0DDF650066A05D /* MMBLoadMoreFooter.h */ = {isa = PBXFileReference; fileEncoding = 4; lastKnownFileType = sourcecode.c.h; path = MMBLoadMoreFooter.h; sourceTree = "<group>"; };
		DA9046BA1C0DDF650066A05D /* MMBLoadMoreFooter.m */ = {isa = PBXFileReference; fileEncoding = 4; lastKnownFileType = sourcecode.c.objc; path = MMBLoadMoreFooter.m; sourceTree = "<group>"; };
		DA9046BC1C0DDF820066A05D /* MMBLoadMoreFooter.xib */ = {isa = PBXFileReference; fileEncoding = 4; lastKnownFileType = file.xib; path = MMBLoadMoreFooter.xib; sourceTree = "<group>"; };
		DA9046BE1C0DF4740066A05D /* MMBStatusFrame.h */ = {isa = PBXFileReference; fileEncoding = 4; lastKnownFileType = sourcecode.c.h; path = MMBStatusFrame.h; sourceTree = "<group>"; };
		DA9046BF1C0DF4740066A05D /* MMBStatusFrame.m */ = {isa = PBXFileReference; fileEncoding = 4; lastKnownFileType = sourcecode.c.objc; path = MMBStatusFrame.m; sourceTree = "<group>"; };
		DA9046C11C0DF4920066A05D /* MMBStatusCell.h */ = {isa = PBXFileReference; fileEncoding = 4; lastKnownFileType = sourcecode.c.h; path = MMBStatusCell.h; sourceTree = "<group>"; };
		DA9046C21C0DF4920066A05D /* MMBStatusCell.m */ = {isa = PBXFileReference; fileEncoding = 4; lastKnownFileType = sourcecode.c.objc; path = MMBStatusCell.m; sourceTree = "<group>"; };
		DAAC890A1C094F5E0000729C /* My-Microblog.app */ = {isa = PBXFileReference; explicitFileType = wrapper.application; includeInIndex = 0; path = "My-Microblog.app"; sourceTree = BUILT_PRODUCTS_DIR; };
		DAAC890E1C094F5E0000729C /* main.m */ = {isa = PBXFileReference; lastKnownFileType = sourcecode.c.objc; path = main.m; sourceTree = "<group>"; };
		DAAC89191C094F5E0000729C /* Assets.xcassets */ = {isa = PBXFileReference; lastKnownFileType = folder.assetcatalog; path = Assets.xcassets; sourceTree = "<group>"; };
		DAAC891C1C094F5E0000729C /* Base */ = {isa = PBXFileReference; lastKnownFileType = file.storyboard; name = Base; path = Base.lproj/LaunchScreen.storyboard; sourceTree = "<group>"; };
		DAAC891E1C094F5E0000729C /* Info.plist */ = {isa = PBXFileReference; lastKnownFileType = text.plist.xml; path = Info.plist; sourceTree = "<group>"; };
		DAAC89231C094F5E0000729C /* My-MicroblogTests.xctest */ = {isa = PBXFileReference; explicitFileType = wrapper.cfbundle; includeInIndex = 0; path = "My-MicroblogTests.xctest"; sourceTree = BUILT_PRODUCTS_DIR; };
		DAAC89271C094F5E0000729C /* My_MicroblogTests.m */ = {isa = PBXFileReference; lastKnownFileType = sourcecode.c.objc; path = My_MicroblogTests.m; sourceTree = "<group>"; };
		DAAC89291C094F5E0000729C /* Info.plist */ = {isa = PBXFileReference; lastKnownFileType = text.plist.xml; path = Info.plist; sourceTree = "<group>"; };
		DAAC892E1C094F5E0000729C /* My-MicroblogUITests.xctest */ = {isa = PBXFileReference; explicitFileType = wrapper.cfbundle; includeInIndex = 0; path = "My-MicroblogUITests.xctest"; sourceTree = BUILT_PRODUCTS_DIR; };
		DAAC89321C094F5E0000729C /* My_MicroblogUITests.m */ = {isa = PBXFileReference; lastKnownFileType = sourcecode.c.objc; path = My_MicroblogUITests.m; sourceTree = "<group>"; };
		DAAC89341C094F5E0000729C /* Info.plist */ = {isa = PBXFileReference; lastKnownFileType = text.plist.xml; path = Info.plist; sourceTree = "<group>"; };
		DAAC89741C09701C0000729C /* AppDelegate.h */ = {isa = PBXFileReference; fileEncoding = 4; lastKnownFileType = sourcecode.c.h; path = AppDelegate.h; sourceTree = "<group>"; };
		DAAC89751C09701C0000729C /* AppDelegate.m */ = {isa = PBXFileReference; fileEncoding = 4; lastKnownFileType = sourcecode.c.objc; path = AppDelegate.m; sourceTree = "<group>"; };
		DAE09FBC1C0F21C8001B38AF /* MMBStatusToolbar.h */ = {isa = PBXFileReference; fileEncoding = 4; lastKnownFileType = sourcecode.c.h; path = MMBStatusToolbar.h; sourceTree = "<group>"; };
		DAE09FBD1C0F21C8001B38AF /* MMBStatusToolbar.m */ = {isa = PBXFileReference; fileEncoding = 4; lastKnownFileType = sourcecode.c.objc; path = MMBStatusToolbar.m; sourceTree = "<group>"; };
		DAE09FBF1C10174E001B38AF /* MMBStatusPhotoView.h */ = {isa = PBXFileReference; fileEncoding = 4; lastKnownFileType = sourcecode.c.h; path = MMBStatusPhotoView.h; sourceTree = "<group>"; };
		DAE09FC01C10174F001B38AF /* MMBStatusPhotoView.m */ = {isa = PBXFileReference; fileEncoding = 4; lastKnownFileType = sourcecode.c.objc; path = MMBStatusPhotoView.m; sourceTree = "<group>"; };
		DAE09FC21C10251C001B38AF /* MMBStatusPhotosView.h */ = {isa = PBXFileReference; fileEncoding = 4; lastKnownFileType = sourcecode.c.h; path = MMBStatusPhotosView.h; sourceTree = "<group>"; };
		DAE09FC31C10251C001B38AF /* MMBStatusPhotosView.m */ = {isa = PBXFileReference; fileEncoding = 4; lastKnownFileType = sourcecode.c.objc; path = MMBStatusPhotosView.m; sourceTree = "<group>"; };
		DAE09FC51C1179BE001B38AF /* MMBIconView.h */ = {isa = PBXFileReference; fileEncoding = 4; lastKnownFileType = sourcecode.c.h; path = MMBIconView.h; sourceTree = "<group>"; };
		DAE09FC61C1179BE001B38AF /* MMBIconView.m */ = {isa = PBXFileReference; fileEncoding = 4; lastKnownFileType = sourcecode.c.objc; path = MMBIconView.m; sourceTree = "<group>"; };
		DAE09FCC1C11B50E001B38AF /* MMBComposeViewController.h */ = {isa = PBXFileReference; fileEncoding = 4; lastKnownFileType = sourcecode.c.h; path = MMBComposeViewController.h; sourceTree = "<group>"; };
		DAE09FCD1C11B50E001B38AF /* MMBComposeViewController.m */ = {isa = PBXFileReference; fileEncoding = 4; lastKnownFileType = sourcecode.c.objc; path = MMBComposeViewController.m; sourceTree = "<group>"; };
		DAEAB4161C0A9649003295DB /* MMBNavigationController.h */ = {isa = PBXFileReference; fileEncoding = 4; lastKnownFileType = sourcecode.c.h; path = MMBNavigationController.h; sourceTree = "<group>"; };
		DAEAB4171C0A9649003295DB /* MMBNavigationController.m */ = {isa = PBXFileReference; fileEncoding = 4; lastKnownFileType = sourcecode.c.objc; path = MMBNavigationController.m; sourceTree = "<group>"; };
		DAEAB4261C0A9EC6003295DB /* UIBarButtonItem+Extension.h */ = {isa = PBXFileReference; fileEncoding = 4; lastKnownFileType = sourcecode.c.h; path = "UIBarButtonItem+Extension.h"; sourceTree = "<group>"; };
		DAEAB4271C0A9EC6003295DB /* UIBarButtonItem+Extension.m */ = {isa = PBXFileReference; fileEncoding = 4; lastKnownFileType = sourcecode.c.objc; path = "UIBarButtonItem+Extension.m"; sourceTree = "<group>"; };
		DAEAB42C1C0AA133003295DB /* UIView+Extension.h */ = {isa = PBXFileReference; fileEncoding = 4; lastKnownFileType = sourcecode.c.h; path = "UIView+Extension.h"; sourceTree = "<group>"; };
		DAEAB42D1C0AA133003295DB /* UIView+Extension.m */ = {isa = PBXFileReference; fileEncoding = 4; lastKnownFileType = sourcecode.c.objc; path = "UIView+Extension.m"; sourceTree = "<group>"; };
		DAEAB42F1C0AA24A003295DB /* PrefixHeader.pch */ = {isa = PBXFileReference; lastKnownFileType = sourcecode.c.h; path = PrefixHeader.pch; sourceTree = "<group>"; };
		DAEAB4301C0AA589003295DB /* MMBTabBarController.h */ = {isa = PBXFileReference; fileEncoding = 4; lastKnownFileType = sourcecode.c.h; path = MMBTabBarController.h; sourceTree = "<group>"; };
		DAEAB4311C0AA589003295DB /* MMBTabBarController.m */ = {isa = PBXFileReference; fileEncoding = 4; lastKnownFileType = sourcecode.c.objc; path = MMBTabBarController.m; sourceTree = "<group>"; };
		DAEAB4331C0AA5D6003295DB /* MMBDiscoverViewController.h */ = {isa = PBXFileReference; fileEncoding = 4; lastKnownFileType = sourcecode.c.h; path = MMBDiscoverViewController.h; sourceTree = "<group>"; };
		DAEAB4341C0AA5D6003295DB /* MMBDiscoverViewController.m */ = {isa = PBXFileReference; fileEncoding = 4; lastKnownFileType = sourcecode.c.objc; path = MMBDiscoverViewController.m; sourceTree = "<group>"; };
		DAEAB4361C0AA5E0003295DB /* MMBHomeViewController.h */ = {isa = PBXFileReference; fileEncoding = 4; lastKnownFileType = sourcecode.c.h; path = MMBHomeViewController.h; sourceTree = "<group>"; };
		DAEAB4371C0AA5E0003295DB /* MMBHomeViewController.m */ = {isa = PBXFileReference; fileEncoding = 4; lastKnownFileType = sourcecode.c.objc; path = MMBHomeViewController.m; sourceTree = "<group>"; };
		DAEAB4391C0AA5F0003295DB /* MMBMessageCenterViewController.h */ = {isa = PBXFileReference; fileEncoding = 4; lastKnownFileType = sourcecode.c.h; path = MMBMessageCenterViewController.h; sourceTree = "<group>"; };
		DAEAB43A1C0AA5F0003295DB /* MMBMessageCenterViewController.m */ = {isa = PBXFileReference; fileEncoding = 4; lastKnownFileType = sourcecode.c.objc; path = MMBMessageCenterViewController.m; sourceTree = "<group>"; };
		DAEAB43C1C0AA601003295DB /* MMBProfileViewController.h */ = {isa = PBXFileReference; fileEncoding = 4; lastKnownFileType = sourcecode.c.h; path = MMBProfileViewController.h; sourceTree = "<group>"; };
		DAEAB43D1C0AA601003295DB /* MMBProfileViewController.m */ = {isa = PBXFileReference; fileEncoding = 4; lastKnownFileType = sourcecode.c.objc; path = MMBProfileViewController.m; sourceTree = "<group>"; };
		EA382D0E375C5EB7753F1602 /* Pods.release.xcconfig */ = {isa = PBXFileReference; includeInIndex = 1; lastKnownFileType = text.xcconfig; name = Pods.release.xcconfig; path = "Pods/Target Support Files/Pods/Pods.release.xcconfig"; sourceTree = "<group>"; };
/* End PBXFileReference section */

/* Begin PBXFrameworksBuildPhase section */
		DAAC89071C094F5E0000729C /* Frameworks */ = {
			isa = PBXFrameworksBuildPhase;
			buildActionMask = 2147483647;
			files = (
				01FCD126C9BAF0DAF8DE539E /* libPods.a in Frameworks */,
			);
			runOnlyForDeploymentPostprocessing = 0;
		};
		DAAC89201C094F5E0000729C /* Frameworks */ = {
			isa = PBXFrameworksBuildPhase;
			buildActionMask = 2147483647;
			files = (
			);
			runOnlyForDeploymentPostprocessing = 0;
		};
		DAAC892B1C094F5E0000729C /* Frameworks */ = {
			isa = PBXFrameworksBuildPhase;
			buildActionMask = 2147483647;
			files = (
			);
			runOnlyForDeploymentPostprocessing = 0;
		};
/* End PBXFrameworksBuildPhase section */

/* Begin PBXGroup section */
		5889FB2527E9F6291E8082ED /* Pods */ = {
			isa = PBXGroup;
			children = (
				559A775C20C50223EEE9923A /* Pods.debug.xcconfig */,
				EA382D0E375C5EB7753F1602 /* Pods.release.xcconfig */,
			);
			name = Pods;
			sourceTree = "<group>";
		};
		9ED4CB0A221103786DE729E3 /* Frameworks */ = {
			isa = PBXGroup;
			children = (
				1FC389C679C8FC4750B8C394 /* libPods.a */,
			);
			name = Frameworks;
			sourceTree = "<group>";
		};
		DA3DAE321C0C1FA900D31A18 /* NewFeature */ = {
			isa = PBXGroup;
			children = (
				DA3DAE331C0C1FA900D31A18 /* Controller */,
			);
			path = NewFeature;
			sourceTree = "<group>";
		};
		DA3DAE331C0C1FA900D31A18 /* Controller */ = {
			isa = PBXGroup;
			children = (
				DA3DAE341C0C1FDB00D31A18 /* MMBNewFeatureViewController.h */,
				DA3DAE351C0C1FDB00D31A18 /* MMBNewFeatureViewController.m */,
			);
			path = Controller;
			sourceTree = "<group>";
		};
		DA3DAE371C0C329500D31A18 /* OAuth(授权) */ = {
			isa = PBXGroup;
			children = (
				DA600B491C0C9C98002D05A1 /* Tool */,
				DA600B441C0C9948002D05A1 /* Model */,
				DA3DAE381C0C329500D31A18 /* Controller */,
			);
			name = "OAuth(授权)";
			path = OAuth;
			sourceTree = "<group>";
		};
		DA3DAE381C0C329500D31A18 /* Controller */ = {
			isa = PBXGroup;
			children = (
				DA3DAE391C0C32CC00D31A18 /* MMBOAuthViewController.h */,
				DA3DAE3A1C0C32CC00D31A18 /* MMBOAuthViewController.m */,
			);
			path = Controller;
			sourceTree = "<group>";
		};
		DA600B441C0C9948002D05A1 /* Model */ = {
			isa = PBXGroup;
			children = (
				DA600B461C0C9975002D05A1 /* MMBAccount.h */,
				DA600B471C0C9975002D05A1 /* MMBAccount.m */,
			);
			path = Model;
			sourceTree = "<group>";
		};
		DA600B491C0C9C98002D05A1 /* Tool */ = {
			isa = PBXGroup;
			children = (
				DA600B4A1C0C9CAE002D05A1 /* MMBAccountTool.h */,
				DA600B4B1C0C9CAE002D05A1 /* MMBAccountTool.m */,
			);
			path = Tool;
			sourceTree = "<group>";
		};
		DAAC89011C094F5E0000729C = {
			isa = PBXGroup;
			children = (
				DAAC890C1C094F5E0000729C /* My-Microblog */,
				DAAC89261C094F5E0000729C /* My-MicroblogTests */,
				DAAC89311C094F5E0000729C /* My-MicroblogUITests */,
				DAAC890B1C094F5E0000729C /* Products */,
				5889FB2527E9F6291E8082ED /* Pods */,
				9ED4CB0A221103786DE729E3 /* Frameworks */,
			);
			sourceTree = "<group>";
		};
		DAAC890B1C094F5E0000729C /* Products */ = {
			isa = PBXGroup;
			children = (
				DAAC890A1C094F5E0000729C /* My-Microblog.app */,
				DAAC89231C094F5E0000729C /* My-MicroblogTests.xctest */,
				DAAC892E1C094F5E0000729C /* My-MicroblogUITests.xctest */,
			);
			name = Products;
			sourceTree = "<group>";
		};
		DAAC890C1C094F5E0000729C /* My-Microblog */ = {
			isa = PBXGroup;
			children = (
				DAAC89651C09701C0000729C /* Classes */,
				DAAC890D1C094F5E0000729C /* Supporting Files */,
			);
			path = "My-Microblog";
			sourceTree = "<group>";
		};
		DAAC890D1C094F5E0000729C /* Supporting Files */ = {
			isa = PBXGroup;
			children = (
				DAAC89191C094F5E0000729C /* Assets.xcassets */,
				DAAC891B1C094F5E0000729C /* LaunchScreen.storyboard */,
				DAAC891E1C094F5E0000729C /* Info.plist */,
				DAAC890E1C094F5E0000729C /* main.m */,
				DAEAB42F1C0AA24A003295DB /* PrefixHeader.pch */,
			);
			name = "Supporting Files";
			sourceTree = "<group>";
		};
		DAAC89261C094F5E0000729C /* My-MicroblogTests */ = {
			isa = PBXGroup;
			children = (
				DAAC89271C094F5E0000729C /* My_MicroblogTests.m */,
				DAAC89291C094F5E0000729C /* Info.plist */,
			);
			path = "My-MicroblogTests";
			sourceTree = "<group>";
		};
		DAAC89311C094F5E0000729C /* My-MicroblogUITests */ = {
			isa = PBXGroup;
			children = (
				DAAC89321C094F5E0000729C /* My_MicroblogUITests.m */,
				DAAC89341C094F5E0000729C /* Info.plist */,
			);
			path = "My-MicroblogUITests";
			sourceTree = "<group>";
		};
		DAAC89651C09701C0000729C /* Classes */ = {
			isa = PBXGroup;
			children = (
				DAE09FC81C11B4E1001B38AF /* Compose(发微博) */,
				DA3DAE371C0C329500D31A18 /* OAuth(授权) */,
				DA3DAE321C0C1FA900D31A18 /* NewFeature */,
				DAAC896B1C09701C0000729C /* Home(首页) */,
				DAAC89771C09701C0000729C /* MessageCenter(消息) */,
				DAAC89661C09701C0000729C /* Discover(发现) */,
				DAAC89701C09701C0000729C /* Main(主要) */,
				DAAC897C1C09701C0000729C /* Profile(我) */,
				DAAC89811C09701C0000729C /* Temp(临时) */,
				DAAC89861C09701C0000729C /* Tools */,
			);
			path = Classes;
			sourceTree = "<group>";
		};
		DAAC89661C09701C0000729C /* Discover(发现) */ = {
			isa = PBXGroup;
			children = (
				DAAC89671C09701C0000729C /* Controller */,
				DAAC89681C09701C0000729C /* Model */,
				DAAC89691C09701C0000729C /* Other */,
				DAAC896A1C09701C0000729C /* View */,
			);
			path = "Discover(发现)";
			sourceTree = "<group>";
		};
		DAAC89671C09701C0000729C /* Controller */ = {
			isa = PBXGroup;
			children = (
				DAEAB4331C0AA5D6003295DB /* MMBDiscoverViewController.h */,
				DAEAB4341C0AA5D6003295DB /* MMBDiscoverViewController.m */,
			);
			path = Controller;
			sourceTree = "<group>";
		};
		DAAC89681C09701C0000729C /* Model */ = {
			isa = PBXGroup;
			children = (
			);
			path = Model;
			sourceTree = "<group>";
		};
		DAAC89691C09701C0000729C /* Other */ = {
			isa = PBXGroup;
			children = (
			);
			path = Other;
			sourceTree = "<group>";
		};
		DAAC896A1C09701C0000729C /* View */ = {
			isa = PBXGroup;
			children = (
			);
			path = View;
			sourceTree = "<group>";
		};
		DAAC896B1C09701C0000729C /* Home(首页) */ = {
			isa = PBXGroup;
			children = (
				DAAC896C1C09701C0000729C /* Controller */,
				DAAC896D1C09701C0000729C /* Model */,
				DAAC896E1C09701C0000729C /* Other */,
				DAAC896F1C09701C0000729C /* View */,
			);
			path = "Home(首页)";
			sourceTree = "<group>";
		};
		DAAC896C1C09701C0000729C /* Controller */ = {
			isa = PBXGroup;
			children = (
				DAEAB4361C0AA5E0003295DB /* MMBHomeViewController.h */,
				DAEAB4371C0AA5E0003295DB /* MMBHomeViewController.m */,
			);
			path = Controller;
			sourceTree = "<group>";
		};
		DAAC896D1C09701C0000729C /* Model */ = {
			isa = PBXGroup;
			children = (
				DA9046B31C0DB8EC0066A05D /* MMBUser.h */,
				DA9046B41C0DB8EC0066A05D /* MMBUser.m */,
				DA9046B61C0DB9990066A05D /* MMBStatus.h */,
				DA9046B71C0DB9990066A05D /* MMBStatus.m */,
				DA9046BE1C0DF4740066A05D /* MMBStatusFrame.h */,
				DA9046BF1C0DF4740066A05D /* MMBStatusFrame.m */,
				DA8EB9F11C0EB83E000BEE79 /* MMBPhoto.h */,
				DA8EB9F21C0EB83E000BEE79 /* MMBPhoto.m */,
			);
			path = Model;
			sourceTree = "<group>";
		};
		DAAC896E1C09701C0000729C /* Other */ = {
			isa = PBXGroup;
			children = (
			);
			path = Other;
			sourceTree = "<group>";
		};
		DAAC896F1C09701C0000729C /* View */ = {
			isa = PBXGroup;
			children = (
				DA3DAE071C0AED9A00D31A18 /* MMBTitleMenuViewController.h */,
				DA3DAE081C0AED9A00D31A18 /* MMBTitleMenuViewController.m */,
				DA9046B01C0D86990066A05D /* MMBTitleButton.h */,
				DA9046B11C0D86990066A05D /* MMBTitleButton.m */,
				DA9046B91C0DDF650066A05D /* MMBLoadMoreFooter.h */,
				DA9046BA1C0DDF650066A05D /* MMBLoadMoreFooter.m */,
				DA9046BC1C0DDF820066A05D /* MMBLoadMoreFooter.xib */,
				DA9046C11C0DF4920066A05D /* MMBStatusCell.h */,
				DA9046C21C0DF4920066A05D /* MMBStatusCell.m */,
				DAE09FBC1C0F21C8001B38AF /* MMBStatusToolbar.h */,
				DAE09FBD1C0F21C8001B38AF /* MMBStatusToolbar.m */,
				DAE09FBF1C10174E001B38AF /* MMBStatusPhotoView.h */,
				DAE09FC01C10174F001B38AF /* MMBStatusPhotoView.m */,
				DAE09FC21C10251C001B38AF /* MMBStatusPhotosView.h */,
				DAE09FC31C10251C001B38AF /* MMBStatusPhotosView.m */,
			);
			path = View;
			sourceTree = "<group>";
		};
		DAAC89701C09701C0000729C /* Main(主要) */ = {
			isa = PBXGroup;
			children = (
				DAEAB4191C0A96DC003295DB /* Category */,
				DAAC89711C09701C0000729C /* Controller */,
				DAAC89721C09701C0000729C /* Model */,
				DAAC89731C09701C0000729C /* Other */,
				DAAC89761C09701C0000729C /* View */,
			);
			path = "Main(主要)";
			sourceTree = "<group>";
		};
		DAAC89711C09701C0000729C /* Controller */ = {
			isa = PBXGroup;
			children = (
				DAEAB4161C0A9649003295DB /* MMBNavigationController.h */,
				DAEAB4171C0A9649003295DB /* MMBNavigationController.m */,
				DAEAB4301C0AA589003295DB /* MMBTabBarController.h */,
				DAEAB4311C0AA589003295DB /* MMBTabBarController.m */,
			);
			path = Controller;
			sourceTree = "<group>";
		};
		DAAC89721C09701C0000729C /* Model */ = {
			isa = PBXGroup;
			children = (
			);
			path = Model;
			sourceTree = "<group>";
		};
		DAAC89731C09701C0000729C /* Other */ = {
			isa = PBXGroup;
			children = (
				DAAC89741C09701C0000729C /* AppDelegate.h */,
				DAAC89751C09701C0000729C /* AppDelegate.m */,
			);
			path = Other;
			sourceTree = "<group>";
		};
		DAAC89761C09701C0000729C /* View */ = {
			isa = PBXGroup;
			children = (
				DA3DAE011C0AD63600D31A18 /* MMBSearchBar.h */,
				DA3DAE021C0AD63600D31A18 /* MMBSearchBar.m */,
				DA3DAE041C0ADF4900D31A18 /* MMBDropdownMenu.h */,
				DA3DAE051C0ADF4900D31A18 /* MMBDropdownMenu.m */,
				DA3DAE0A1C0AFF1400D31A18 /* MMBTabBar.h */,
				DA3DAE0B1C0AFF1400D31A18 /* MMBTabBar.m */,
				DAE09FC51C1179BE001B38AF /* MMBIconView.h */,
				DAE09FC61C1179BE001B38AF /* MMBIconView.m */,
				DA0903AB1C128CD50091AAB6 /* MMBTextView.h */,
				DA0903AC1C128CD50091AAB6 /* MMBTextView.m */,
			);
			path = View;
			sourceTree = "<group>";
		};
		DAAC89771C09701C0000729C /* MessageCenter(消息) */ = {
			isa = PBXGroup;
			children = (
				DAAC89781C09701C0000729C /* Controller */,
				DAAC89791C09701C0000729C /* Model */,
				DAAC897A1C09701C0000729C /* Other */,
				DAAC897B1C09701C0000729C /* View */,
			);
			path = "MessageCenter(消息)";
			sourceTree = "<group>";
		};
		DAAC89781C09701C0000729C /* Controller */ = {
			isa = PBXGroup;
			children = (
				DAEAB4391C0AA5F0003295DB /* MMBMessageCenterViewController.h */,
				DAEAB43A1C0AA5F0003295DB /* MMBMessageCenterViewController.m */,
			);
			path = Controller;
			sourceTree = "<group>";
		};
		DAAC89791C09701C0000729C /* Model */ = {
			isa = PBXGroup;
			children = (
			);
			path = Model;
			sourceTree = "<group>";
		};
		DAAC897A1C09701C0000729C /* Other */ = {
			isa = PBXGroup;
			children = (
			);
			path = Other;
			sourceTree = "<group>";
		};
		DAAC897B1C09701C0000729C /* View */ = {
			isa = PBXGroup;
			children = (
			);
			path = View;
			sourceTree = "<group>";
		};
		DAAC897C1C09701C0000729C /* Profile(我) */ = {
			isa = PBXGroup;
			children = (
				DAAC897D1C09701C0000729C /* Controller */,
				DAAC897E1C09701C0000729C /* Model */,
				DAAC897F1C09701C0000729C /* Other */,
				DAAC89801C09701C0000729C /* View */,
			);
			path = "Profile(我)";
			sourceTree = "<group>";
		};
		DAAC897D1C09701C0000729C /* Controller */ = {
			isa = PBXGroup;
			children = (
				DAEAB43C1C0AA601003295DB /* MMBProfileViewController.h */,
				DAEAB43D1C0AA601003295DB /* MMBProfileViewController.m */,
			);
			path = Controller;
			sourceTree = "<group>";
		};
		DAAC897E1C09701C0000729C /* Model */ = {
			isa = PBXGroup;
			children = (
			);
			path = Model;
			sourceTree = "<group>";
		};
		DAAC897F1C09701C0000729C /* Other */ = {
			isa = PBXGroup;
			children = (
			);
			path = Other;
			sourceTree = "<group>";
		};
		DAAC89801C09701C0000729C /* View */ = {
			isa = PBXGroup;
			children = (
			);
			path = View;
			sourceTree = "<group>";
		};
		DAAC89811C09701C0000729C /* Temp(临时) */ = {
			isa = PBXGroup;
			children = (
				DAAC89821C09701C0000729C /* Controller */,
				DAAC89831C09701C0000729C /* Model */,
				DAAC89841C09701C0000729C /* Other */,
				DAAC89851C09701C0000729C /* View */,
			);
			path = "Temp(临时)";
			sourceTree = "<group>";
		};
		DAAC89821C09701C0000729C /* Controller */ = {
			isa = PBXGroup;
			children = (
			);
			path = Controller;
			sourceTree = "<group>";
		};
		DAAC89831C09701C0000729C /* Model */ = {
			isa = PBXGroup;
			children = (
			);
			path = Model;
			sourceTree = "<group>";
		};
		DAAC89841C09701C0000729C /* Other */ = {
			isa = PBXGroup;
			children = (
			);
			path = Other;
			sourceTree = "<group>";
		};
		DAAC89851C09701C0000729C /* View */ = {
			isa = PBXGroup;
			children = (
			);
			path = View;
			sourceTree = "<group>";
		};
		DAAC89861C09701C0000729C /* Tools */ = {
			isa = PBXGroup;
			children = (
				DA600B411C0C956A002D05A1 /* MMBNetworkTool.h */,
				DA600B421C0C956A002D05A1 /* MMBNetworkTool.m */,
			);
			path = Tools;
			sourceTree = "<group>";
		};
		DAE09FC81C11B4E1001B38AF /* Compose(发微博) */ = {
			isa = PBXGroup;
			children = (
				DAE09FC91C11B4E1001B38AF /* Controller */,
				DAE09FCA1C11B4E1001B38AF /* Model */,
				DAE09FCB1C11B4E1001B38AF /* View */,
			);
			path = "Compose(发微博)";
			sourceTree = "<group>";
		};
		DAE09FC91C11B4E1001B38AF /* Controller */ = {
			isa = PBXGroup;
			children = (
				DAE09FCC1C11B50E001B38AF /* MMBComposeViewController.h */,
				DAE09FCD1C11B50E001B38AF /* MMBComposeViewController.m */,
			);
			path = Controller;
			sourceTree = "<group>";
		};
		DAE09FCA1C11B4E1001B38AF /* Model */ = {
			isa = PBXGroup;
			children = (
			);
			path = Model;
			sourceTree = "<group>";
		};
		DAE09FCB1C11B4E1001B38AF /* View */ = {
			isa = PBXGroup;
			children = (
				DA0903AE1C12D6030091AAB6 /* MMBComposeToolbar.h */,
				DA0903AF1C12D6030091AAB6 /* MMBComposeToolbar.m */,
				DA0903B11C12FE360091AAB6 /* MMBComposePhotosView.h */,
				DA0903B21C12FE360091AAB6 /* MMBComposePhotosView.m */,
			);
			path = View;
			sourceTree = "<group>";
		};
		DAEAB4191C0A96DC003295DB /* Category */ = {
			isa = PBXGroup;
			children = (
				DA8EB9F41C0EF53A000BEE79 /* NSDate+Extension.h */,
				DA8EB9F51C0EF53A000BEE79 /* NSDate+Extension.m */,
				DAEAB4261C0A9EC6003295DB /* UIBarButtonItem+Extension.h */,
				DAEAB4271C0A9EC6003295DB /* UIBarButtonItem+Extension.m */,
				DAEAB42C1C0AA133003295DB /* UIView+Extension.h */,
				DAEAB42D1C0AA133003295DB /* UIView+Extension.m */,
				DA600B4D1C0CAB39002D05A1 /* UIWindow+Extension.h */,
				DA600B4E1C0CAB39002D05A1 /* UIWindow+Extension.m */,
			);
			path = Category;
			sourceTree = "<group>";
		};
/* End PBXGroup section */

/* Begin PBXNativeTarget section */
		DAAC89091C094F5E0000729C /* My-Microblog */ = {
			isa = PBXNativeTarget;
			buildConfigurationList = DAAC89371C094F5E0000729C /* Build configuration list for PBXNativeTarget "My-Microblog" */;
			buildPhases = (
				832DA570BBEDF3E418B2BB29 /* Check Pods Manifest.lock */,
				DAAC89061C094F5E0000729C /* Sources */,
				DAAC89071C094F5E0000729C /* Frameworks */,
				DAAC89081C094F5E0000729C /* Resources */,
				97711700188140755C0C43FE /* Embed Pods Frameworks */,
				464B7A511CFC22194CBD900D /* Copy Pods Resources */,
			);
			buildRules = (
			);
			dependencies = (
			);
			name = "My-Microblog";
			productName = "My-Microblog";
			productReference = DAAC890A1C094F5E0000729C /* My-Microblog.app */;
			productType = "com.apple.product-type.application";
		};
		DAAC89221C094F5E0000729C /* My-MicroblogTests */ = {
			isa = PBXNativeTarget;
			buildConfigurationList = DAAC893A1C094F5E0000729C /* Build configuration list for PBXNativeTarget "My-MicroblogTests" */;
			buildPhases = (
				DAAC891F1C094F5E0000729C /* Sources */,
				DAAC89201C094F5E0000729C /* Frameworks */,
				DAAC89211C094F5E0000729C /* Resources */,
			);
			buildRules = (
			);
			dependencies = (
				DAAC89251C094F5E0000729C /* PBXTargetDependency */,
			);
			name = "My-MicroblogTests";
			productName = "My-MicroblogTests";
			productReference = DAAC89231C094F5E0000729C /* My-MicroblogTests.xctest */;
			productType = "com.apple.product-type.bundle.unit-test";
		};
		DAAC892D1C094F5E0000729C /* My-MicroblogUITests */ = {
			isa = PBXNativeTarget;
			buildConfigurationList = DAAC893D1C094F5E0000729C /* Build configuration list for PBXNativeTarget "My-MicroblogUITests" */;
			buildPhases = (
				DAAC892A1C094F5E0000729C /* Sources */,
				DAAC892B1C094F5E0000729C /* Frameworks */,
				DAAC892C1C094F5E0000729C /* Resources */,
			);
			buildRules = (
			);
			dependencies = (
				DAAC89301C094F5E0000729C /* PBXTargetDependency */,
			);
			name = "My-MicroblogUITests";
			productName = "My-MicroblogUITests";
			productReference = DAAC892E1C094F5E0000729C /* My-MicroblogUITests.xctest */;
			productType = "com.apple.product-type.bundle.ui-testing";
		};
/* End PBXNativeTarget section */

/* Begin PBXProject section */
		DAAC89021C094F5E0000729C /* Project object */ = {
			isa = PBXProject;
			attributes = {
				CLASSPREFIX = MMB;
				LastUpgradeCheck = 0700;
				ORGANIZATIONNAME = "赵志丹";
				TargetAttributes = {
					DAAC89091C094F5E0000729C = {
						CreatedOnToolsVersion = 7.0.1;
						DevelopmentTeam = P578XG8VUN;
					};
					DAAC89221C094F5E0000729C = {
						CreatedOnToolsVersion = 7.0.1;
						DevelopmentTeam = P578XG8VUN;
						TestTargetID = DAAC89091C094F5E0000729C;
					};
					DAAC892D1C094F5E0000729C = {
						CreatedOnToolsVersion = 7.0.1;
						DevelopmentTeam = P578XG8VUN;
						TestTargetID = DAAC89091C094F5E0000729C;
					};
				};
			};
			buildConfigurationList = DAAC89051C094F5E0000729C /* Build configuration list for PBXProject "My-Microblog" */;
			compatibilityVersion = "Xcode 3.2";
			developmentRegion = English;
			hasScannedForEncodings = 0;
			knownRegions = (
				en,
				Base,
			);
			mainGroup = DAAC89011C094F5E0000729C;
			productRefGroup = DAAC890B1C094F5E0000729C /* Products */;
			projectDirPath = "";
			projectRoot = "";
			targets = (
				DAAC89091C094F5E0000729C /* My-Microblog */,
				DAAC89221C094F5E0000729C /* My-MicroblogTests */,
				DAAC892D1C094F5E0000729C /* My-MicroblogUITests */,
			);
		};
/* End PBXProject section */

/* Begin PBXResourcesBuildPhase section */
		DAAC89081C094F5E0000729C /* Resources */ = {
			isa = PBXResourcesBuildPhase;
			buildActionMask = 2147483647;
			files = (
				DAAC891D1C094F5E0000729C /* LaunchScreen.storyboard in Resources */,
				DAAC891A1C094F5E0000729C /* Assets.xcassets in Resources */,
				DA9046BD1C0DDF820066A05D /* MMBLoadMoreFooter.xib in Resources */,
			);
			runOnlyForDeploymentPostprocessing = 0;
		};
		DAAC89211C094F5E0000729C /* Resources */ = {
			isa = PBXResourcesBuildPhase;
			buildActionMask = 2147483647;
			files = (
			);
			runOnlyForDeploymentPostprocessing = 0;
		};
		DAAC892C1C094F5E0000729C /* Resources */ = {
			isa = PBXResourcesBuildPhase;
			buildActionMask = 2147483647;
			files = (
			);
			runOnlyForDeploymentPostprocessing = 0;
		};
/* End PBXResourcesBuildPhase section */

/* Begin PBXShellScriptBuildPhase section */
		464B7A511CFC22194CBD900D /* Copy Pods Resources */ = {
			isa = PBXShellScriptBuildPhase;
			buildActionMask = 2147483647;
			files = (
			);
			inputPaths = (
			);
			name = "Copy Pods Resources";
			outputPaths = (
			);
			runOnlyForDeploymentPostprocessing = 0;
			shellPath = /bin/sh;
			shellScript = "\"${SRCROOT}/Pods/Target Support Files/Pods/Pods-resources.sh\"\n";
			showEnvVarsInLog = 0;
		};
		832DA570BBEDF3E418B2BB29 /* Check Pods Manifest.lock */ = {
			isa = PBXShellScriptBuildPhase;
			buildActionMask = 2147483647;
			files = (
			);
			inputPaths = (
			);
			name = "Check Pods Manifest.lock";
			outputPaths = (
			);
			runOnlyForDeploymentPostprocessing = 0;
			shellPath = /bin/sh;
			shellScript = "diff \"${PODS_ROOT}/../Podfile.lock\" \"${PODS_ROOT}/Manifest.lock\" > /dev/null\nif [[ $? != 0 ]] ; then\n    cat << EOM\nerror: The sandbox is not in sync with the Podfile.lock. Run 'pod install' or update your CocoaPods installation.\nEOM\n    exit 1\nfi\n";
			showEnvVarsInLog = 0;
		};
		97711700188140755C0C43FE /* Embed Pods Frameworks */ = {
			isa = PBXShellScriptBuildPhase;
			buildActionMask = 2147483647;
			files = (
			);
			inputPaths = (
			);
			name = "Embed Pods Frameworks";
			outputPaths = (
			);
			runOnlyForDeploymentPostprocessing = 0;
			shellPath = /bin/sh;
			shellScript = "\"${SRCROOT}/Pods/Target Support Files/Pods/Pods-frameworks.sh\"\n";
			showEnvVarsInLog = 0;
		};
/* End PBXShellScriptBuildPhase section */

/* Begin PBXSourcesBuildPhase section */
		DAAC89061C094F5E0000729C /* Sources */ = {
			isa = PBXSourcesBuildPhase;
			buildActionMask = 2147483647;
			files = (
				DA8EB9F61C0EF53A000BEE79 /* NSDate+Extension.m in Sources */,
				DA600B431C0C956A002D05A1 /* MMBNetworkTool.m in Sources */,
				DAE09FC11C10174F001B38AF /* MMBStatusPhotoView.m in Sources */,
				DA600B4F1C0CAB39002D05A1 /* UIWindow+Extension.m in Sources */,
				DAEAB42E1C0AA133003295DB /* UIView+Extension.m in Sources */,
				DAEAB4281C0A9EC6003295DB /* UIBarButtonItem+Extension.m in Sources */,
				DA3DAE061C0ADF4900D31A18 /* MMBDropdownMenu.m in Sources */,
				DA3DAE031C0AD63600D31A18 /* MMBSearchBar.m in Sources */,
				DAE09FC71C1179BE001B38AF /* MMBIconView.m in Sources */,
				DA8EB9F31C0EB83E000BEE79 /* MMBPhoto.m in Sources */,
				DAEAB4181C0A9649003295DB /* MMBNavigationController.m in Sources */,
				DA3DAE361C0C1FDB00D31A18 /* MMBNewFeatureViewController.m in Sources */,
				DAEAB4351C0AA5D6003295DB /* MMBDiscoverViewController.m in Sources */,
				DA9046B51C0DB8EC0066A05D /* MMBUser.m in Sources */,
				DA9046C01C0DF4740066A05D /* MMBStatusFrame.m in Sources */,
				DA0903B31C12FE360091AAB6 /* MMBComposePhotosView.m in Sources */,
				DA0903B01C12D6030091AAB6 /* MMBComposeToolbar.m in Sources */,
				DAAC89871C09701C0000729C /* AppDelegate.m in Sources */,
				DAEAB4321C0AA589003295DB /* MMBTabBarController.m in Sources */,
				DAEAB43B1C0AA5F0003295DB /* MMBMessageCenterViewController.m in Sources */,
				DA9046C31C0DF4920066A05D /* MMBStatusCell.m in Sources */,
				DAEAB43E1C0AA601003295DB /* MMBProfileViewController.m in Sources */,
				DA3DAE091C0AED9A00D31A18 /* MMBTitleMenuViewController.m in Sources */,
				DA600B4C1C0C9CAE002D05A1 /* MMBAccountTool.m in Sources */,
				DA0903AD1C128CD50091AAB6 /* MMBTextView.m in Sources */,
				DAE09FBE1C0F21C8001B38AF /* MMBStatusToolbar.m in Sources */,
				DAEAB4381C0AA5E0003295DB /* MMBHomeViewController.m in Sources */,
				DAE09FC41C10251C001B38AF /* MMBStatusPhotosView.m in Sources */,
				DA600B481C0C9975002D05A1 /* MMBAccount.m in Sources */,
				DAE09FCE1C11B50E001B38AF /* MMBComposeViewController.m in Sources */,
				DA9046B21C0D86990066A05D /* MMBTitleButton.m in Sources */,
				DA3DAE0C1C0AFF1400D31A18 /* MMBTabBar.m in Sources */,
				DA9046BB1C0DDF650066A05D /* MMBLoadMoreFooter.m in Sources */,
				DAAC890F1C094F5E0000729C /* main.m in Sources */,
				DA3DAE3B1C0C32CC00D31A18 /* MMBOAuthViewController.m in Sources */,
				DA9046B81C0DB9990066A05D /* MMBStatus.m in Sources */,
			);
			runOnlyForDeploymentPostprocessing = 0;
		};
		DAAC891F1C094F5E0000729C /* Sources */ = {
			isa = PBXSourcesBuildPhase;
			buildActionMask = 2147483647;
			files = (
				DAAC89281C094F5E0000729C /* My_MicroblogTests.m in Sources */,
			);
			runOnlyForDeploymentPostprocessing = 0;
		};
		DAAC892A1C094F5E0000729C /* Sources */ = {
			isa = PBXSourcesBuildPhase;
			buildActionMask = 2147483647;
			files = (
				DAAC89331C094F5E0000729C /* My_MicroblogUITests.m in Sources */,
			);
			runOnlyForDeploymentPostprocessing = 0;
		};
/* End PBXSourcesBuildPhase section */

/* Begin PBXTargetDependency section */
		DAAC89251C094F5E0000729C /* PBXTargetDependency */ = {
			isa = PBXTargetDependency;
			target = DAAC89091C094F5E0000729C /* My-Microblog */;
			targetProxy = DAAC89241C094F5E0000729C /* PBXContainerItemProxy */;
		};
		DAAC89301C094F5E0000729C /* PBXTargetDependency */ = {
			isa = PBXTargetDependency;
			target = DAAC89091C094F5E0000729C /* My-Microblog */;
			targetProxy = DAAC892F1C094F5E0000729C /* PBXContainerItemProxy */;
		};
/* End PBXTargetDependency section */

/* Begin PBXVariantGroup section */
		DAAC891B1C094F5E0000729C /* LaunchScreen.storyboard */ = {
			isa = PBXVariantGroup;
			children = (
				DAAC891C1C094F5E0000729C /* Base */,
			);
			name = LaunchScreen.storyboard;
			sourceTree = "<group>";
		};
/* End PBXVariantGroup section */

/* Begin XCBuildConfiguration section */
		DAAC89351C094F5E0000729C /* Debug */ = {
			isa = XCBuildConfiguration;
			buildSettings = {
				ALWAYS_SEARCH_USER_PATHS = NO;
				CLANG_CXX_LANGUAGE_STANDARD = "gnu++0x";
				CLANG_CXX_LIBRARY = "libc++";
				CLANG_ENABLE_MODULES = YES;
				CLANG_ENABLE_OBJC_ARC = YES;
				CLANG_WARN_BOOL_CONVERSION = YES;
				CLANG_WARN_CONSTANT_CONVERSION = YES;
				CLANG_WARN_DIRECT_OBJC_ISA_USAGE = YES_ERROR;
				CLANG_WARN_EMPTY_BODY = YES;
				CLANG_WARN_ENUM_CONVERSION = YES;
				CLANG_WARN_INT_CONVERSION = YES;
				CLANG_WARN_OBJC_ROOT_CLASS = YES_ERROR;
				CLANG_WARN_UNREACHABLE_CODE = YES;
				CLANG_WARN__DUPLICATE_METHOD_MATCH = YES;
				COPY_PHASE_STRIP = NO;
				DEBUG_INFORMATION_FORMAT = dwarf;
				ENABLE_STRICT_OBJC_MSGSEND = YES;
				ENABLE_TESTABILITY = YES;
				GCC_C_LANGUAGE_STANDARD = gnu99;
				GCC_DYNAMIC_NO_PIC = NO;
				GCC_NO_COMMON_BLOCKS = YES;
				GCC_OPTIMIZATION_LEVEL = 0;
				GCC_PREPROCESSOR_DEFINITIONS = (
					"DEBUG=1",
					"$(inherited)",
				);
				GCC_WARN_64_TO_32_BIT_CONVERSION = YES;
				GCC_WARN_ABOUT_RETURN_TYPE = YES_ERROR;
				GCC_WARN_UNDECLARED_SELECTOR = YES;
				GCC_WARN_UNINITIALIZED_AUTOS = YES_AGGRESSIVE;
				GCC_WARN_UNUSED_FUNCTION = YES;
				GCC_WARN_UNUSED_VARIABLE = YES;
				IPHONEOS_DEPLOYMENT_TARGET = 9.0;
				MTL_ENABLE_DEBUG_INFO = YES;
				ONLY_ACTIVE_ARCH = YES;
				SDKROOT = iphoneos;
			};
			name = Debug;
		};
		DAAC89361C094F5E0000729C /* Release */ = {
			isa = XCBuildConfiguration;
			buildSettings = {
				ALWAYS_SEARCH_USER_PATHS = NO;
				CLANG_CXX_LANGUAGE_STANDARD = "gnu++0x";
				CLANG_CXX_LIBRARY = "libc++";
				CLANG_ENABLE_MODULES = YES;
				CLANG_ENABLE_OBJC_ARC = YES;
				CLANG_WARN_BOOL_CONVERSION = YES;
				CLANG_WARN_CONSTANT_CONVERSION = YES;
				CLANG_WARN_DIRECT_OBJC_ISA_USAGE = YES_ERROR;
				CLANG_WARN_EMPTY_BODY = YES;
				CLANG_WARN_ENUM_CONVERSION = YES;
				CLANG_WARN_INT_CONVERSION = YES;
				CLANG_WARN_OBJC_ROOT_CLASS = YES_ERROR;
				CLANG_WARN_UNREACHABLE_CODE = YES;
				CLANG_WARN__DUPLICATE_METHOD_MATCH = YES;
				COPY_PHASE_STRIP = NO;
				DEBUG_INFORMATION_FORMAT = "dwarf-with-dsym";
				ENABLE_NS_ASSERTIONS = NO;
				ENABLE_STRICT_OBJC_MSGSEND = YES;
				GCC_C_LANGUAGE_STANDARD = gnu99;
				GCC_NO_COMMON_BLOCKS = YES;
				GCC_WARN_64_TO_32_BIT_CONVERSION = YES;
				GCC_WARN_ABOUT_RETURN_TYPE = YES_ERROR;
				GCC_WARN_UNDECLARED_SELECTOR = YES;
				GCC_WARN_UNINITIALIZED_AUTOS = YES_AGGRESSIVE;
				GCC_WARN_UNUSED_FUNCTION = YES;
				GCC_WARN_UNUSED_VARIABLE = YES;
				IPHONEOS_DEPLOYMENT_TARGET = 9.0;
				MTL_ENABLE_DEBUG_INFO = NO;
				SDKROOT = iphoneos;
				VALIDATE_PRODUCT = YES;
			};
			name = Release;
		};
		DAAC89381C094F5E0000729C /* Debug */ = {
			isa = XCBuildConfiguration;
			baseConfigurationReference = 559A775C20C50223EEE9923A /* Pods.debug.xcconfig */;
			buildSettings = {
				ASSETCATALOG_COMPILER_APPICON_NAME = AppIcon;
				ASSETCATALOG_COMPILER_LAUNCHIMAGE_NAME = BrandAsset;
				CODE_SIGN_IDENTITY = "iPhone Developer";
				GCC_PREFIX_HEADER = "My-Microblog/PrefixHeader.pch";
				INFOPLIST_FILE = "My-Microblog/Info.plist";
				LD_RUNPATH_SEARCH_PATHS = "$(inherited) @executable_path/Frameworks";
				PRODUCT_BUNDLE_IDENTIFIER = "itcast.My-Microblog";
				PRODUCT_NAME = "$(TARGET_NAME)";
			};
			name = Debug;
		};
		DAAC89391C094F5E0000729C /* Release */ = {
			isa = XCBuildConfiguration;
			baseConfigurationReference = EA382D0E375C5EB7753F1602 /* Pods.release.xcconfig */;
			buildSettings = {
				ASSETCATALOG_COMPILER_APPICON_NAME = AppIcon;
				ASSETCATALOG_COMPILER_LAUNCHIMAGE_NAME = BrandAsset;
				CODE_SIGN_IDENTITY = "iPhone Developer";
				GCC_PREFIX_HEADER = "My-Microblog/PrefixHeader.pch";
				INFOPLIST_FILE = "My-Microblog/Info.plist";
				LD_RUNPATH_SEARCH_PATHS = "$(inherited) @executable_path/Frameworks";
				PRODUCT_BUNDLE_IDENTIFIER = "itcast.My-Microblog";
				PRODUCT_NAME = "$(TARGET_NAME)";
			};
			name = Release;
		};
		DAAC893B1C094F5E0000729C /* Debug */ = {
			isa = XCBuildConfiguration;
			buildSettings = {
				BUNDLE_LOADER = "$(TEST_HOST)";
				INFOPLIST_FILE = "My-MicroblogTests/Info.plist";
				LD_RUNPATH_SEARCH_PATHS = "$(inherited) @executable_path/Frameworks @loader_path/Frameworks";
				PRODUCT_BUNDLE_IDENTIFIER = "itcast.My-MicroblogTests";
				PRODUCT_NAME = "$(TARGET_NAME)";
				TEST_HOST = "$(BUILT_PRODUCTS_DIR)/My-Microblog.app/My-Microblog";
			};
			name = Debug;
		};
		DAAC893C1C094F5E0000729C /* Release */ = {
			isa = XCBuildConfiguration;
			buildSettings = {
				BUNDLE_LOADER = "$(TEST_HOST)";
				INFOPLIST_FILE = "My-MicroblogTests/Info.plist";
				LD_RUNPATH_SEARCH_PATHS = "$(inherited) @executable_path/Frameworks @loader_path/Frameworks";
				PRODUCT_BUNDLE_IDENTIFIER = "itcast.My-MicroblogTests";
				PRODUCT_NAME = "$(TARGET_NAME)";
				TEST_HOST = "$(BUILT_PRODUCTS_DIR)/My-Microblog.app/My-Microblog";
			};
			name = Release;
		};
		DAAC893E1C094F5E0000729C /* Debug */ = {
			isa = XCBuildConfiguration;
			buildSettings = {
				INFOPLIST_FILE = "My-MicroblogUITests/Info.plist";
				LD_RUNPATH_SEARCH_PATHS = "$(inherited) @executable_path/Frameworks @loader_path/Frameworks";
				PRODUCT_BUNDLE_IDENTIFIER = "itcast.My-MicroblogUITests";
				PRODUCT_NAME = "$(TARGET_NAME)";
				TEST_TARGET_NAME = "My-Microblog";
				USES_XCTRUNNER = YES;
			};
			name = Debug;
		};
		DAAC893F1C094F5E0000729C /* Release */ = {
			isa = XCBuildConfiguration;
			buildSettings = {
				INFOPLIST_FILE = "My-MicroblogUITests/Info.plist";
				LD_RUNPATH_SEARCH_PATHS = "$(inherited) @executable_path/Frameworks @loader_path/Frameworks";
				PRODUCT_BUNDLE_IDENTIFIER = "itcast.My-MicroblogUITests";
				PRODUCT_NAME = "$(TARGET_NAME)";
				TEST_TARGET_NAME = "My-Microblog";
				USES_XCTRUNNER = YES;
			};
			name = Release;
		};
/* End XCBuildConfiguration section */

/* Begin XCConfigurationList section */
		DAAC89051C094F5E0000729C /* Build configuration list for PBXProject "My-Microblog" */ = {
			isa = XCConfigurationList;
			buildConfigurations = (
				DAAC89351C094F5E0000729C /* Debug */,
				DAAC89361C094F5E0000729C /* Release */,
			);
			defaultConfigurationIsVisible = 0;
			defaultConfigurationName = Release;
		};
		DAAC89371C094F5E0000729C /* Build configuration list for PBXNativeTarget "My-Microblog" */ = {
			isa = XCConfigurationList;
			buildConfigurations = (
				DAAC89381C094F5E0000729C /* Debug */,
				DAAC89391C094F5E0000729C /* Release */,
			);
			defaultConfigurationIsVisible = 0;
			defaultConfigurationName = Release;
		};
		DAAC893A1C094F5E0000729C /* Build configuration list for PBXNativeTarget "My-MicroblogTests" */ = {
			isa = XCConfigurationList;
			buildConfigurations = (
				DAAC893B1C094F5E0000729C /* Debug */,
				DAAC893C1C094F5E0000729C /* Release */,
			);
			defaultConfigurationIsVisible = 0;
			defaultConfigurationName = Release;
		};
		DAAC893D1C094F5E0000729C /* Build configuration list for PBXNativeTarget "My-MicroblogUITests" */ = {
			isa = XCConfigurationList;
			buildConfigurations = (
				DAAC893E1C094F5E0000729C /* Debug */,
				DAAC893F1C094F5E0000729C /* Release */,
			);
			defaultConfigurationIsVisible = 0;
			defaultConfigurationName = Release;
		};
/* End XCConfigurationList section */
	};
	rootObject = DAAC89021C094F5E0000729C /* Project object */;
}
